
Microsoft Visual Studio Solution File, Format Version 12.00
Project("{FAE04EC0-301F-11D3-BF4B-00C04F79EFBC}") = "GuessHueAPI", "GuessHueAPI\GuessHueAPI.csproj", "{34D316AB-9987-4598-B6BA-C53A0F838BDA}"
EndProject
Project("{2150E333-8FDC-42A3-9474-1A3956D46DE8}") = "Solution Items", "Solution Items", "{CB350C5A-9B46-4F0E-909F-80AD5E84B3BE}"
	ProjectSection(SolutionItems) = preProject
		docker-compose.yml = docker-compose.yml
		.env = .env
		.gitignore = ../.gitignore
	EndProjectSection
EndProject
Project("{FAE04EC0-301F-11D3-BF4B-00C04F79EFBC}") = "GuessHueMigrations", "GuessHueMigrations\GuessHueMigrations.csproj", "{92C98552-EFE7-4FDA-B7ED-65090395F18C}"
EndProject
Global
	GlobalSection(SolutionConfigurationPlatforms) = preSolution
		Debug|Any CPU = Debug|Any CPU
		Release|Any CPU = Release|Any CPU
	EndGlobalSection
	GlobalSection(ProjectConfigurationPlatforms) = postSolution
		{34D316AB-9987-4598-B6BA-C53A0F838BDA}.Debug|Any CPU.ActiveCfg = Debug|Any CPU
		{34D316AB-9987-4598-B6BA-C53A0F838BDA}.Debug|Any CPU.Build.0 = Debug|Any CPU
		{34D316AB-9987-4598-B6BA-C53A0F838BDA}.Release|Any CPU.ActiveCfg = Release|Any CPU
		{34D316AB-9987-4598-B6BA-C53A0F838BDA}.Release|Any CPU.Build.0 = Release|Any CPU
		{92C98552-EFE7-4FDA-B7ED-65090395F18C}.Debug|Any CPU.ActiveCfg = Debug|Any CPU
		{92C98552-EFE7-4FDA-B7ED-65090395F18C}.Debug|Any CPU.Build.0 = Debug|Any CPU
		{92C98552-EFE7-4FDA-B7ED-65090395F18C}.Release|Any CPU.ActiveCfg = Release|Any CPU
		{92C98552-EFE7-4FDA-B7ED-65090395F18C}.Release|Any CPU.Build.0 = Release|Any CPU
	EndGlobalSection
EndGlobal
